
Microsoft Visual Studio Solution File, Format Version 12.00
# Visual Studio Version 16
VisualStudioVersion = 25.0.1700.0
MinimumVisualStudioVersion = 10.0.40219.1
Project("{FAE04EC0-301F-11D3-BF4B-00C04F79EFBC}") = "SignalRChat", "SignalRChat\SignalRChat.csproj", "{47C67472-9A9C-4409-8D85-A2E5D774E55C}"
EndProject
Project("{2150E333-8FDC-42A3-9474-1A3956D46DE8}") = "PythonClient", "PythonClient", "{D46AF006-1A6F-433B-8F6D-DD36C7031C90}"
	ProjectSection(SolutionItems) = preProject
		client.py = client.py
	EndProjectSection
EndProject
Global
	GlobalSection(SolutionConfigurationPlatforms) = preSolution
		Debug|Any CPU = Debug|Any CPU
		Release|Any CPU = Release|Any CPU
	EndGlobalSection
	GlobalSection(ProjectConfigurationPlatforms) = postSolution
		{47C67472-9A9C-4409-8D85-A2E5D774E55C}.Debug|Any CPU.ActiveCfg = Debug|Any CPU
		{47C67472-9A9C-4409-8D85-A2E5D774E55C}.Debug|Any CPU.Build.0 = Debug|Any CPU
		{47C67472-9A9C-4409-8D85-A2E5D774E55C}.Release|Any CPU.ActiveCfg = Release|Any CPU
		{47C67472-9A9C-4409-8D85-A2E5D774E55C}.Release|Any CPU.Build.0 = Release|Any CPU
	EndGlobalSection
	GlobalSection(SolutionProperties) = preSolution
		HideSolutionNode = FALSE
	EndGlobalSection
	GlobalSection(ExtensibilityGlobals) = postSolution
		SolutionGuid = {9CCE460F-23B1-4868-A0FB-D3EC3B74292F}
	EndGlobalSection
EndGlobal
